
Microsoft Visual Studio Solution File, Format Version 12.00
# Visual Studio 15
Project("{FAE04EC0-301F-11D3-BF4B-00C04F79EFBC}") = "Mastermind", "Mastermind.csproj", "{3708D588-06E9-41B9-BB48-F565336BC390}"
EndProject
Global
	GlobalSection(SolutionConfigurationPlatforms) = preSolution
		Debug|Any CPU = Debug|Any CPU
		Release|Any CPU = Release|Any CPU
	EndGlobalSection
	GlobalSection(ProjectConfigurationPlatforms) = postSolution
		{3708D588-06E9-41B9-BB48-F565336BC390}.Debug|Any CPU.ActiveCfg = Debug|Any CPU
		{3708D588-06E9-41B9-BB48-F565336BC390}.Debug|Any CPU.Build.0 = Debug|Any CPU
		{3708D588-06E9-41B9-BB48-F565336BC390}.Release|Any CPU.ActiveCfg = Release|Any CPU
		{3708D588-06E9-41B9-BB48-F565336BC390}.Release|Any CPU.Build.0 = Release|Any CPU
	EndGlobalSection
EndGlobal
